
Microsoft Visual Studio Solution File, Format Version 12.00
# Visual Studio Version 17
VisualStudioVersion = 17.11.35017.193
MinimumVisualStudioVersion = 10.0.40219.1
Project("{FAE04EC0-301F-11D3-BF4B-00C04F79EFBC}") = "WPFtest", "WPFtest\WPFtest.csproj", "{D547D423-4678-492D-8B9F-D11952887585}"
EndProject
Project("{FAE04EC0-301F-11D3-BF4B-00C04F79EFBC}") = "WPFcustomControlsRB", "WPFcustomControlsRB\WPFcustomControlsRB.csproj", "{6CB101E8-BFAA-4C6F-AA9F-CEBB3ECC8EE9}"
EndProject
Project("{9A19103F-16F7-4668-BE54-9A1E7A4F7556}") = "VisualStudioStarter", "VisualStudioStarter\VisualStudioStarter.csproj", "{C73ADA4F-3543-404E-A792-0886FA63BEF3}"
EndProject
Project("{FAE04EC0-301F-11D3-BF4B-00C04F79EFBC}") = "WPFUIControls", "WPFUIControls\WPFUIControls.csproj", "{D8DBB85A-249E-4774-8C08-97B7ED52C3D4}"
EndProject
Global
	GlobalSection(SolutionConfigurationPlatforms) = preSolution
		Debug|Any CPU = Debug|Any CPU
		Release|Any CPU = Release|Any CPU
	EndGlobalSection
	GlobalSection(ProjectConfigurationPlatforms) = postSolution
		{D547D423-4678-492D-8B9F-D11952887585}.Debug|Any CPU.ActiveCfg = Debug|Any CPU
		{D547D423-4678-492D-8B9F-D11952887585}.Debug|Any CPU.Build.0 = Debug|Any CPU
		{D547D423-4678-492D-8B9F-D11952887585}.Release|Any CPU.ActiveCfg = Release|Any CPU
		{D547D423-4678-492D-8B9F-D11952887585}.Release|Any CPU.Build.0 = Release|Any CPU
		{6CB101E8-BFAA-4C6F-AA9F-CEBB3ECC8EE9}.Debug|Any CPU.ActiveCfg = Debug|Any CPU
		{6CB101E8-BFAA-4C6F-AA9F-CEBB3ECC8EE9}.Debug|Any CPU.Build.0 = Debug|Any CPU
		{6CB101E8-BFAA-4C6F-AA9F-CEBB3ECC8EE9}.Release|Any CPU.ActiveCfg = Release|Any CPU
		{6CB101E8-BFAA-4C6F-AA9F-CEBB3ECC8EE9}.Release|Any CPU.Build.0 = Release|Any CPU
		{C73ADA4F-3543-404E-A792-0886FA63BEF3}.Debug|Any CPU.ActiveCfg = Debug|Any CPU
		{C73ADA4F-3543-404E-A792-0886FA63BEF3}.Debug|Any CPU.Build.0 = Debug|Any CPU
		{C73ADA4F-3543-404E-A792-0886FA63BEF3}.Release|Any CPU.ActiveCfg = Release|Any CPU
		{C73ADA4F-3543-404E-A792-0886FA63BEF3}.Release|Any CPU.Build.0 = Release|Any CPU
		{D8DBB85A-249E-4774-8C08-97B7ED52C3D4}.Debug|Any CPU.ActiveCfg = Debug|Any CPU
		{D8DBB85A-249E-4774-8C08-97B7ED52C3D4}.Debug|Any CPU.Build.0 = Debug|Any CPU
		{D8DBB85A-249E-4774-8C08-97B7ED52C3D4}.Release|Any CPU.ActiveCfg = Release|Any CPU
		{D8DBB85A-249E-4774-8C08-97B7ED52C3D4}.Release|Any CPU.Build.0 = Release|Any CPU
	EndGlobalSection
	GlobalSection(SolutionProperties) = preSolution
		HideSolutionNode = FALSE
	EndGlobalSection
	GlobalSection(ExtensibilityGlobals) = postSolution
		SolutionGuid = {6FF44D41-38FA-4839-BEB1-EEAA25CD04AD}
	EndGlobalSection
EndGlobal
